
Microsoft Visual Studio Solution File, Format Version 12.00
# Visual Studio 2012
Project("{FAE04EC0-301F-11D3-BF4B-00C04F79EFBC}") = "TimeSheets.Web", "TimeSheets.Web\TimeSheets.Web.csproj", "{570F1829-4F36-42CA-A1C6-A977B94C0312}"
EndProject
Project("{FAE04EC0-301F-11D3-BF4B-00C04F79EFBC}") = "TimeSheets.Infrastructure", "TimeSheets.Infrastructure\TimeSheets.Infrastructure.csproj", "{508E5584-B8B3-4406-AF7D-30ACE96073C1}"
EndProject
Project("{FAE04EC0-301F-11D3-BF4B-00C04F79EFBC}") = "TimeSheets.Core", "TimeSheets.Core\TimeSheets.Core.csproj", "{889F6F10-618B-4045-A141-F0576DEA4D03}"
EndProject
Project("{FAE04EC0-301F-11D3-BF4B-00C04F79EFBC}") = "TimeSheetTest", "TimeSheetTest\TimeSheetTest.csproj", "{047DE38A-A6EC-4081-ABD6-A553B5F47DBC}"
EndProject
Global
	GlobalSection(SolutionConfigurationPlatforms) = preSolution
		Debug|Any CPU = Debug|Any CPU
		Release|Any CPU = Release|Any CPU
	EndGlobalSection
	GlobalSection(ProjectConfigurationPlatforms) = postSolution
		{570F1829-4F36-42CA-A1C6-A977B94C0312}.Debug|Any CPU.ActiveCfg = Debug|Any CPU
		{570F1829-4F36-42CA-A1C6-A977B94C0312}.Debug|Any CPU.Build.0 = Debug|Any CPU
		{570F1829-4F36-42CA-A1C6-A977B94C0312}.Release|Any CPU.ActiveCfg = Release|Any CPU
		{570F1829-4F36-42CA-A1C6-A977B94C0312}.Release|Any CPU.Build.0 = Release|Any CPU
		{508E5584-B8B3-4406-AF7D-30ACE96073C1}.Debug|Any CPU.ActiveCfg = Debug|Any CPU
		{508E5584-B8B3-4406-AF7D-30ACE96073C1}.Debug|Any CPU.Build.0 = Debug|Any CPU
		{508E5584-B8B3-4406-AF7D-30ACE96073C1}.Release|Any CPU.ActiveCfg = Release|Any CPU
		{508E5584-B8B3-4406-AF7D-30ACE96073C1}.Release|Any CPU.Build.0 = Release|Any CPU
		{889F6F10-618B-4045-A141-F0576DEA4D03}.Debug|Any CPU.ActiveCfg = Debug|Any CPU
		{889F6F10-618B-4045-A141-F0576DEA4D03}.Debug|Any CPU.Build.0 = Debug|Any CPU
		{889F6F10-618B-4045-A141-F0576DEA4D03}.Release|Any CPU.ActiveCfg = Release|Any CPU
		{889F6F10-618B-4045-A141-F0576DEA4D03}.Release|Any CPU.Build.0 = Release|Any CPU
		{047DE38A-A6EC-4081-ABD6-A553B5F47DBC}.Debug|Any CPU.ActiveCfg = Debug|Any CPU
		{047DE38A-A6EC-4081-ABD6-A553B5F47DBC}.Debug|Any CPU.Build.0 = Debug|Any CPU
		{047DE38A-A6EC-4081-ABD6-A553B5F47DBC}.Release|Any CPU.ActiveCfg = Release|Any CPU
		{047DE38A-A6EC-4081-ABD6-A553B5F47DBC}.Release|Any CPU.Build.0 = Release|Any CPU
	EndGlobalSection
	GlobalSection(SolutionProperties) = preSolution
		HideSolutionNode = FALSE
	EndGlobalSection
EndGlobal
